
Microsoft Visual Studio Solution File, Format Version 12.00
# Visual Studio Version 16
VisualStudioVersion = 16.0.30804.86
MinimumVisualStudioVersion = 10.0.40219.1
Project("{FAE04EC0-301F-11D3-BF4B-00C04F79EFBC}") = "Acti", "Acti\Acti.csproj", "{37E9F5D1-1E63-4B9D-947E-1F09F622356B}"
EndProject
Global
	GlobalSection(SolutionConfigurationPlatforms) = preSolution
		Debug|Any CPU = Debug|Any CPU
		Release|Any CPU = Release|Any CPU
	EndGlobalSection
	GlobalSection(ProjectConfigurationPlatforms) = postSolution
		{37E9F5D1-1E63-4B9D-947E-1F09F622356B}.Debug|Any CPU.ActiveCfg = Debug|Any CPU
		{37E9F5D1-1E63-4B9D-947E-1F09F622356B}.Debug|Any CPU.Build.0 = Debug|Any CPU
		{37E9F5D1-1E63-4B9D-947E-1F09F622356B}.Release|Any CPU.ActiveCfg = Release|Any CPU
		{37E9F5D1-1E63-4B9D-947E-1F09F622356B}.Release|Any CPU.Build.0 = Release|Any CPU
	EndGlobalSection
	GlobalSection(SolutionProperties) = preSolution
		HideSolutionNode = FALSE
	EndGlobalSection
	GlobalSection(ExtensibilityGlobals) = postSolution
		SolutionGuid = {E0EC55E3-D01F-401C-A23F-58B4CDB8896C}
	EndGlobalSection
EndGlobal
